
Microsoft Visual Studio Solution File, Format Version 12.00
# Visual Studio Version 17
VisualStudioVersion = 17.14.36518.9
MinimumVisualStudioVersion = 10.0.40219.1
Project("{FAE04EC0-301F-11D3-BF4B-00C04F79EFBC}") = "PredictLeague", "PredictLeague\PredictLeague.csproj", "{13CA5EF7-3CE0-4842-A148-5FF3B5B5AA90}"
EndProject
Project("{FAE04EC0-301F-11D3-BF4B-00C04F79EFBC}") = "PredictLeague.Tests", "PredictLeague.Tests\PredictLeague.Tests.csproj", "{FEEF8802-7237-4ACE-8728-318951852D25}"
EndProject
Global
	GlobalSection(SolutionConfigurationPlatforms) = preSolution
		Debug|Any CPU = Debug|Any CPU
		Debug|x64 = Debug|x64
		Debug|x86 = Debug|x86
		Release|Any CPU = Release|Any CPU
		Release|x64 = Release|x64
		Release|x86 = Release|x86
	EndGlobalSection
	GlobalSection(ProjectConfigurationPlatforms) = postSolution
		{13CA5EF7-3CE0-4842-A148-5FF3B5B5AA90}.Debug|Any CPU.ActiveCfg = Debug|Any CPU
		{13CA5EF7-3CE0-4842-A148-5FF3B5B5AA90}.Debug|Any CPU.Build.0 = Debug|Any CPU
		{13CA5EF7-3CE0-4842-A148-5FF3B5B5AA90}.Debug|x64.ActiveCfg = Debug|Any CPU
		{13CA5EF7-3CE0-4842-A148-5FF3B5B5AA90}.Debug|x64.Build.0 = Debug|Any CPU
		{13CA5EF7-3CE0-4842-A148-5FF3B5B5AA90}.Debug|x86.ActiveCfg = Debug|Any CPU
		{13CA5EF7-3CE0-4842-A148-5FF3B5B5AA90}.Debug|x86.Build.0 = Debug|Any CPU
		{13CA5EF7-3CE0-4842-A148-5FF3B5B5AA90}.Release|Any CPU.ActiveCfg = Release|Any CPU
		{13CA5EF7-3CE0-4842-A148-5FF3B5B5AA90}.Release|Any CPU.Build.0 = Release|Any CPU
		{13CA5EF7-3CE0-4842-A148-5FF3B5B5AA90}.Release|x64.ActiveCfg = Release|Any CPU
		{13CA5EF7-3CE0-4842-A148-5FF3B5B5AA90}.Release|x64.Build.0 = Release|Any CPU
		{13CA5EF7-3CE0-4842-A148-5FF3B5B5AA90}.Release|x86.ActiveCfg = Release|Any CPU
		{13CA5EF7-3CE0-4842-A148-5FF3B5B5AA90}.Release|x86.Build.0 = Release|Any CPU
		{FEEF8802-7237-4ACE-8728-318951852D25}.Debug|Any CPU.ActiveCfg = Debug|Any CPU
		{FEEF8802-7237-4ACE-8728-318951852D25}.Debug|Any CPU.Build.0 = Debug|Any CPU
		{FEEF8802-7237-4ACE-8728-318951852D25}.Debug|x64.ActiveCfg = Debug|Any CPU
		{FEEF8802-7237-4ACE-8728-318951852D25}.Debug|x64.Build.0 = Debug|Any CPU
		{FEEF8802-7237-4ACE-8728-318951852D25}.Debug|x86.ActiveCfg = Debug|Any CPU
		{FEEF8802-7237-4ACE-8728-318951852D25}.Debug|x86.Build.0 = Debug|Any CPU
		{FEEF8802-7237-4ACE-8728-318951852D25}.Release|Any CPU.ActiveCfg = Release|Any CPU
		{FEEF8802-7237-4ACE-8728-318951852D25}.Release|Any CPU.Build.0 = Release|Any CPU
		{FEEF8802-7237-4ACE-8728-318951852D25}.Release|x64.ActiveCfg = Release|Any CPU
		{FEEF8802-7237-4ACE-8728-318951852D25}.Release|x64.Build.0 = Release|Any CPU
		{FEEF8802-7237-4ACE-8728-318951852D25}.Release|x86.ActiveCfg = Release|Any CPU
		{FEEF8802-7237-4ACE-8728-318951852D25}.Release|x86.Build.0 = Release|Any CPU
	EndGlobalSection
	GlobalSection(SolutionProperties) = preSolution
		HideSolutionNode = FALSE
	EndGlobalSection
	GlobalSection(ExtensibilityGlobals) = postSolution
		SolutionGuid = {FE8BFFCC-B803-4EA6-B14A-EEDB3160AE09}
	EndGlobalSection
EndGlobal
